
Microsoft Visual Studio Solution File, Format Version 12.00
# Visual Studio Version 17
VisualStudioVersion = 17.11.35219.272
MinimumVisualStudioVersion = 10.0.40219.1
Project("{FAE04EC0-301F-11D3-BF4B-00C04F79EFBC}") = "WpfApp1", "WpfApp1.csproj", "{BD06038B-5F47-4BF7-963E-C73FC7C47628}"
EndProject
Global
	GlobalSection(SolutionConfigurationPlatforms) = preSolution
		Debug|Any CPU = Debug|Any CPU
		Release|Any CPU = Release|Any CPU
	EndGlobalSection
	GlobalSection(ProjectConfigurationPlatforms) = postSolution
		{BD06038B-5F47-4BF7-963E-C73FC7C47628}.Debug|Any CPU.ActiveCfg = Debug|Any CPU
		{BD06038B-5F47-4BF7-963E-C73FC7C47628}.Debug|Any CPU.Build.0 = Debug|Any CPU
		{BD06038B-5F47-4BF7-963E-C73FC7C47628}.Release|Any CPU.ActiveCfg = Release|Any CPU
		{BD06038B-5F47-4BF7-963E-C73FC7C47628}.Release|Any CPU.Build.0 = Release|Any CPU
	EndGlobalSection
	GlobalSection(SolutionProperties) = preSolution
		HideSolutionNode = FALSE
	EndGlobalSection
	GlobalSection(ExtensibilityGlobals) = postSolution
		SolutionGuid = {77B61C11-EC39-4DE6-8C64-6AFD35B2D6C0}
	EndGlobalSection
EndGlobal
